// !$*UTF8*$!
{
	archiveVersion = 1;
	classes = {
	};
	objectVersion = 46;
	objects = {

/* Begin PBXBuildFile section */
		E16C1E881500DF20001FF05C /* Foundation.framework in Frameworks */ = {isa = PBXBuildFile; fileRef = E16C1E871500DF20001FF05C /* Foundation.framework */; };
		E16C1E8B1500DF20001FF05C /* main.m in Sources */ = {isa = PBXBuildFile; fileRef = E16C1E8A1500DF20001FF05C /* main.m */; };
		E16C1E8F1500DF20001FF05C /* Callbacks.1 in CopyFiles */ = {isa = PBXBuildFile; fileRef = E16C1E8E1500DF20001FF05C /* Callbacks.1 */; };
		E16C1E971500E022001FF05C /* Logger.m in Sources */ = {isa = PBXBuildFile; fileRef = E16C1E961500E022001FF05C /* Logger.m */; };
/* End PBXBuildFile section */

/* Begin PBXCopyFilesBuildPhase section */
		E16C1E811500DF1F001FF05C /* CopyFiles */ = {
			isa = PBXCopyFilesBuildPhase;
			buildActionMask = 2147483647;
			dstPath = /usr/share/man/man1/;
			dstSubfolderSpec = 0;
			files = (
				E16C1E8F1500DF20001FF05C /* Callbacks.1 in CopyFiles */,
			);
			runOnlyForDeploymentPostprocessing = 1;
		};
/* End PBXCopyFilesBuildPhase section */

/* Begin PBXFileReference section */
		E16C1E831500DF20001FF05C /* Callbacks */ = {isa = PBXFileReference; explicitFileType = "compiled.mach-o.executable"; includeInIndex = 0; path = Callbacks; sourceTree = BUILT_PRODUCTS_DIR; };
		E16C1E871500DF20001FF05C /* Foundation.framework */ = {isa = PBXFileReference; lastKnownFileType = wrapper.framework; name = Foundation.framework; path = System/Library/Frameworks/Foundation.framework; sourceTree = SDKROOT; };
		E16C1E8A1500DF20001FF05C /* main.m */ = {isa = PBXFileReference; lastKnownFileType = sourcecode.c.objc; path = main.m; sourceTree = "<group>"; };
		E16C1E8D1500DF20001FF05C /* Callbacks-Prefix.pch */ = {isa = PBXFileReference; lastKnownFileType = sourcecode.c.h; path = "Callbacks-Prefix.pch"; sourceTree = "<group>"; };
		E16C1E8E1500DF20001FF05C /* Callbacks.1 */ = {isa = PBXFileReference; lastKnownFileType = text.man; path = Callbacks.1; sourceTree = "<group>"; };
		E16C1E951500E022001FF05C /* Logger.h */ = {isa = PBXFileReference; fileEncoding = 4; lastKnownFileType = sourcecode.c.h; path = Logger.h; sourceTree = "<group>"; };
		E16C1E961500E022001FF05C /* Logger.m */ = {isa = PBXFileReference; fileEncoding = 4; lastKnownFileType = sourcecode.c.objc; path = Logger.m; sourceTree = "<group>"; };
/* End PBXFileReference section */

/* Begin PBXFrameworksBuildPhase section */
		E16C1E801500DF1F001FF05C /* Frameworks */ = {
			isa = PBXFrameworksBuildPhase;
			buildActionMask = 2147483647;
			files = (
				E16C1E881500DF20001FF05C /* Foundation.framework in Frameworks */,
			);
			runOnlyForDeploymentPostprocessing = 0;
		};
/* End PBXFrameworksBuildPhase section */

/* Begin PBXGroup section */
		E16C1E781500DF1F001FF05C = {
			isa = PBXGroup;
			children = (
				E16C1E891500DF20001FF05C /* Callbacks */,
				E16C1E861500DF20001FF05C /* Frameworks */,
				E16C1E841500DF20001FF05C /* Products */,
			);
			sourceTree = "<group>";
		};
		E16C1E841500DF20001FF05C /* Products */ = {
			isa = PBXGroup;
			children = (
				E16C1E831500DF20001FF05C /* Callbacks */,
			);
			name = Products;
			sourceTree = "<group>";
		};
		E16C1E861500DF20001FF05C /* Frameworks */ = {
			isa = PBXGroup;
			children = (
				E16C1E871500DF20001FF05C /* Foundation.framework */,
			);
			name = Frameworks;
			sourceTree = "<group>";
		};
		E16C1E891500DF20001FF05C /* Callbacks */ = {
			isa = PBXGroup;
			children = (
				E16C1E8A1500DF20001FF05C /* main.m */,
				E16C1E8E1500DF20001FF05C /* Callbacks.1 */,
				E16C1E8C1500DF20001FF05C /* Supporting Files */,
				E16C1E951500E022001FF05C /* Logger.h */,
				E16C1E961500E022001FF05C /* Logger.m */,
			);
			path = Callbacks;
			sourceTree = "<group>";
		};
		E16C1E8C1500DF20001FF05C /* Supporting Files */ = {
			isa = PBXGroup;
			children = (
				E16C1E8D1500DF20001FF05C /* Callbacks-Prefix.pch */,
			);
			name = "Supporting Files";
			sourceTree = "<group>";
		};
/* End PBXGroup section */

/* Begin PBXNativeTarget section */
		E16C1E821500DF1F001FF05C /* Callbacks */ = {
			isa = PBXNativeTarget;
			buildConfigurationList = E16C1E921500DF20001FF05C /* Build configuration list for PBXNativeTarget "Callbacks" */;
			buildPhases = (
				E16C1E7F1500DF1F001FF05C /* Sources */,
				E16C1E801500DF1F001FF05C /* Frameworks */,
				E16C1E811500DF1F001FF05C /* CopyFiles */,
			);
			buildRules = (
			);
			dependencies = (
			);
			name = Callbacks;
			productName = Callbacks;
			productReference = E16C1E831500DF20001FF05C /* Callbacks */;
			productType = "com.apple.product-type.tool";
		};
/* End PBXNativeTarget section */

/* Begin PBXProject section */
		E16C1E7A1500DF1F001FF05C /* Project object */ = {
			isa = PBXProject;
			attributes = {
				LastUpgradeCheck = 0420;
			};
			buildConfigurationList = E16C1E7D1500DF1F001FF05C /* Build configuration list for PBXProject "Callbacks" */;
			compatibilityVersion = "Xcode 3.2";
			developmentRegion = English;
			hasScannedForEncodings = 0;
			knownRegions = (
				en,
			);
			mainGroup = E16C1E781500DF1F001FF05C;
			productRefGroup = E16C1E841500DF20001FF05C /* Products */;
			projectDirPath = "";
			projectRoot = "";
			targets = (
				E16C1E821500DF1F001FF05C /* Callbacks */,
			);
		};
/* End PBXProject section */

/* Begin PBXSourcesBuildPhase section */
		E16C1E7F1500DF1F001FF05C /* Sources */ = {
			isa = PBXSourcesBuildPhase;
			buildActionMask = 2147483647;
			files = (
				E16C1E8B1500DF20001FF05C /* main.m in Sources */,
				E16C1E971500E022001FF05C /* Logger.m in Sources */,
			);
			runOnlyForDeploymentPostprocessing = 0;
		};
/* End PBXSourcesBuildPhase section */

/* Begin XCBuildConfiguration section */
		E16C1E901500DF20001FF05C /* Debug */ = {
			isa = XCBuildConfiguration;
			buildSettings = {
				ALWAYS_SEARCH_USER_PATHS = NO;
				ARCHS = "$(ARCHS_STANDARD_64_BIT)";
				CLANG_ENABLE_OBJC_ARC = YES;
				COPY_PHASE_STRIP = NO;
				GCC_C_LANGUAGE_STANDARD = gnu99;
				GCC_DYNAMIC_NO_PIC = NO;
				GCC_ENABLE_OBJC_EXCEPTIONS = YES;
				GCC_OPTIMIZATION_LEVEL = 0;
				GCC_PREPROCESSOR_DEFINITIONS = (
					"DEBUG=1",
					"$(inherited)",
				);
				GCC_SYMBOLS_PRIVATE_EXTERN = NO;
				GCC_VERSION = com.apple.compilers.llvm.clang.1_0;
				GCC_WARN_64_TO_32_BIT_CONVERSION = YES;
				GCC_WARN_ABOUT_MISSING_PROTOTYPES = YES;
				GCC_WARN_ABOUT_RETURN_TYPE = YES;
				GCC_WARN_UNUSED_VARIABLE = YES;
				MACOSX_DEPLOYMENT_TARGET = 10.7;
				ONLY_ACTIVE_ARCH = YES;
				SDKROOT = macosx;
			};
			name = Debug;
		};
		E16C1E911500DF20001FF05C /* Release */ = {
			isa = XCBuildConfiguration;
			buildSettings = {
				ALWAYS_SEARCH_USER_PATHS = NO;
				ARCHS = "$(ARCHS_STANDARD_64_BIT)";
				CLANG_ENABLE_OBJC_ARC = YES;
				COPY_PHASE_STRIP = YES;
				DEBUG_INFORMATION_FORMAT = "dwarf-with-dsym";
				GCC_C_LANGUAGE_STANDARD = gnu99;
				GCC_ENABLE_OBJC_EXCEPTIONS = YES;
				GCC_VERSION = com.apple.compilers.llvm.clang.1_0;
				GCC_WARN_64_TO_32_BIT_CONVERSION = YES;
				GCC_WARN_ABOUT_MISSING_PROTOTYPES = YES;
				GCC_WARN_ABOUT_RETURN_TYPE = YES;
				GCC_WARN_UNUSED_VARIABLE = YES;
				MACOSX_DEPLOYMENT_TARGET = 10.7;
				SDKROOT = macosx;
			};
			name = Release;
		};
		E16C1E931500DF20001FF05C /* Debug */ = {
			isa = XCBuildConfiguration;
			buildSettings = {
				GCC_PRECOMPILE_PREFIX_HEADER = YES;
				GCC_PREFIX_HEADER = "Callbacks/Callbacks-Prefix.pch";
				PRODUCT_NAME = "$(TARGET_NAME)";
			};
			name = Debug;
		};
		E16C1E941500DF20001FF05C /* Release */ = {
			isa = XCBuildConfiguration;
			buildSettings = {
				GCC_PRECOMPILE_PREFIX_HEADER = YES;
				GCC_PREFIX_HEADER = "Callbacks/Callbacks-Prefix.pch";
				PRODUCT_NAME = "$(TARGET_NAME)";
			};
			name = Release;
		};
/* End XCBuildConfiguration section */

/* Begin XCConfigurationList section */
		E16C1E7D1500DF1F001FF05C /* Build configuration list for PBXProject "Callbacks" */ = {
			isa = XCConfigurationList;
			buildConfigurations = (
				E16C1E901500DF20001FF05C /* Debug */,
				E16C1E911500DF20001FF05C /* Release */,
			);
			defaultConfigurationIsVisible = 0;
			defaultConfigurationName = Release;
		};
		E16C1E921500DF20001FF05C /* Build configuration list for PBXNativeTarget "Callbacks" */ = {
			isa = XCConfigurationList;
			buildConfigurations = (
				E16C1E931500DF20001FF05C /* Debug */,
				E16C1E941500DF20001FF05C /* Release */,
			);
			defaultConfigurationIsVisible = 0;
		};
/* End XCConfigurationList section */
	};
	rootObject = E16C1E7A1500DF1F001FF05C /* Project object */;
}
